{
  "requires": true,
  "lockfileVersion": 1,
  "dependencies": {
    "@ionic-native/http": {
      "version": "5.31.1",
      "resolved": "https://registry.npmjs.org/@ionic-native/http/-/http-5.31.1.tgz",
      "integrity": "sha512-J9pLHycF6ndpqIYsyZEVjEnz33jbTWnE5vbq+Lpytd6KO/jE/Lyuy8z0wTzVkKYI1bKpgC+Q0XuBt2UgyEuPdA==",
      "requires": {
        "@types/cordova": "^0.0.34"
      }
    },
    "@types/cordova": {
      "version": "0.0.34",
      "resolved": "https://registry.npmjs.org/@types/cordova/-/cordova-0.0.34.tgz",
      "integrity": "sha1-6nrd907Ow9dimCegw54smt3HPQQ="
    },
    "ionic-angular": {
      "version": "3.9.10",
      "resolved": "https://registry.npmjs.org/ionic-angular/-/ionic-angular-3.9.10.tgz",
      "integrity": "sha512-4nmGrdpu4Zy3SZwF0AaS/3gDrbFGU1dV+zn1eqInFgFj9q20N1cIITgvyIcoxUI/IoqYiohsJX1rGY5vB/HrhQ=="
    }
  }
}
